{"version":4,"terraform_version":"1.9.1","serial":2,"lineage":"711fe4d2-8b88-e639-6d29-53d1fdf84dbc","outputs":{},"resources":[{"mode":"data","type":"archive_file","name":"lambda_dir","provider":"provider[\"registry.opentofu.org/hashicorp/archive\"]","instances":[{"schema_version":0,"attributes":{"exclude_symlink_directories":null,"excludes":null,"id":"95c95fbff7d605a02250d7313afda4bfa32fa2f7","output_base64sha256":"iDoh4y8L4n73wNv2vNHohqPzVVQ+2FdPVYv+hidJG58=","output_base64sha512":"WtIB3lXtf7tzPFXm0P5VbGKG6wrc/j1l9U4QjipYA360kesCpaoaAqWbiB/astXK9zqnq1Kd2GCHg+0JipQV4g==","output_file_mode":null,"output_md5":"989da8b778ef7df3b0d2ad7675c1bac2","output_path":"./output/function.zip","output_sha":"95c95fbff7d605a02250d7313afda4bfa32fa2f7","output_sha256":"883a21e32f0be27ef7c0dbf6bcd1e886a3f355543ed8574f558bfe8627491b9f","output_sha512":"5ad201de55ed7fbb733c55e6d0fe556c6286eb0adcfe3d65f54e108e2a58037eb491eb02a5aa1a02a59b881fdab2d5caf73aa7ab529dd8608783ed098a9415e2","output_size":332,"source":[],"source_content":null,"source_content_filename":null,"source_dir":"./lambda","source_file":null,"type":"zip"},"sensitive_attributes":[]}]},{"mode":"data","type":"aws_caller_identity","name":"current","provider":"provider[\"registry.opentofu.org/hashicorp/aws\"]","instances":[{"schema_version":0,"attributes":{"account_id":"159837621590","arn":"arn:aws:sts::159837621590:assumed-role/voclabs/user4704862=__tudiant_test","id":"159837621590","user_id":"AROASKNYQRVLPZOITBHHJ:user4704862=__tudiant_test"},"sensitive_attributes":[]}]},{"mode":"managed","type":"aws_cloudwatch_event_rule","name":"every_minute","provider":"provider[\"registry.opentofu.org/hashicorp/aws\"]","instances":[{"schema_version":1,"attributes":{"arn":"arn:aws:events:us-east-1:159837621590:rule/every-minute-rule","description":"","event_bus_name":"default","event_pattern":null,"force_destroy":false,"id":"every-minute-rule","is_enabled":true,"name":"every-minute-rule","name_prefix":"","region":"us-east-1","role_arn":"","schedule_expression":"rate(1 minute)","state":"ENABLED","tags":null,"tags_all":{}},"sensitive_attributes":[],"private":"eyJzY2hlbWFfdmVyc2lvbiI6IjEifQ=="}]},{"mode":"managed","type":"aws_cloudwatch_event_target","name":"lambda_target","provider":"provider[\"registry.opentofu.org/hashicorp/aws\"]","instances":[{"schema_version":1,"attributes":{"appsync_target":[],"arn":"arn:aws:lambda:us-east-1:159837621590:function:ma-premiere-lambda","batch_target":[],"dead_letter_config":[],"ecs_target":[],"event_bus_name":"default","force_destroy":false,"http_target":[],"id":"every-minute-rule-lambda","input":"","input_path":"","input_transformer":[],"kinesis_target":[],"redshift_target":[],"region":"us-east-1","retry_policy":[],"role_arn":"","rule":"every-minute-rule","run_command_targets":[],"sagemaker_pipeline_target":[],"sqs_target":[],"target_id":"lambda"},"sensitive_attributes":[],"private":"eyJzY2hlbWFfdmVyc2lvbiI6IjEifQ==","dependencies":["aws_cloudwatch_event_rule.every_minute","aws_lambda_function.lambda_function","data.archive_file.lambda_dir","data.aws_caller_identity.current"]}]},{"mode":"managed","type":"aws_lambda_function","name":"lambda_function","provider":"provider[\"registry.opentofu.org/hashicorp/aws\"]","instances":[{"schema_version":0,"attributes":{"architectures":["x86_64"],"arn":"arn:aws:lambda:us-east-1:159837621590:function:ma-premiere-lambda","capacity_provider_config":[],"code_sha256":"iDoh4y8L4n73wNv2vNHohqPzVVQ+2FdPVYv+hidJG58=","code_signing_config_arn":"","dead_letter_config":[],"description":"","durable_config":[],"environment":[{"variables":{"ENVIRONMENT":"production","LOG_LEVEL":"info"}}],"ephemeral_storage":[{"size":512}],"file_system_config":[],"filename":"./output/function.zip","function_name":"ma-premiere-lambda","handler":"lambda_function.lambda_handler","id":"ma-premiere-lambda","image_config":[],"image_uri":"","invoke_arn":"arn:aws:apigateway:us-east-1:lambda:path/2015-03-31/functions/arn:aws:lambda:us-east-1:159837621590:function:ma-premiere-lambda/invocations","kms_key_arn":"","last_modified":"2026-01-09T10:26:21.000+0000","layers":null,"logging_config":[{"application_log_level":"","log_format":"Text","log_group":"/aws/lambda/ma-premiere-lambda","system_log_level":""}],"memory_size":128,"package_type":"Zip","publish":false,"publish_to":null,"qualified_arn":"arn:aws:lambda:us-east-1:159837621590:function:ma-premiere-lambda:$LATEST","qualified_invoke_arn":"arn:aws:apigateway:us-east-1:lambda:path/2015-03-31/functions/arn:aws:lambda:us-east-1:159837621590:function:ma-premiere-lambda:$LATEST/invocations","region":"us-east-1","replace_security_groups_on_destroy":null,"replacement_security_group_ids":null,"reserved_concurrent_executions":-1,"role":"arn:aws:iam::159837621590:role/LabRole","runtime":"python3.13","s3_bucket":null,"s3_key":null,"s3_object_version":null,"signing_job_arn":"","signing_profile_version_arn":"","skip_destroy":false,"snap_start":[],"source_code_hash":"iDoh4y8L4n73wNv2vNHohqPzVVQ+2FdPVYv+hidJG58=","source_code_size":332,"source_kms_key_arn":"","tags":{"Application":"example","Environment":"production"},"tags_all":{"Application":"example","Environment":"production"},"tenancy_config":[],"timeout":3,"timeouts":null,"tracing_config":[{"mode":"PassThrough"}],"version":"$LATEST","vpc_config":[]},"sensitive_attributes":[],"private":"eyJlMmJmYjczMC1lY2FhLTExZTYtOGY4OC0zNDM2M2JjN2M0YzAiOnsiY3JlYXRlIjo2MDAwMDAwMDAwMDAsImRlbGV0ZSI6NjAwMDAwMDAwMDAwLCJ1cGRhdGUiOjYwMDAwMDAwMDAwMH19","dependencies":["data.archive_file.lambda_dir","data.aws_caller_identity.current"]}]},{"mode":"managed","type":"aws_lambda_permission","name":"allow_eventbridge","provider":"provider[\"registry.opentofu.org/hashicorp/aws\"]","instances":[{"schema_version":0,"attributes":{"action":"lambda:InvokeFunction","event_source_token":null,"function_name":"ma-premiere-lambda","function_url_auth_type":null,"id":"AllowExecutionFromEventBridge","principal":"events.amazonaws.com","principal_org_id":null,"qualifier":"","region":"us-east-1","source_account":null,"source_arn":"arn:aws:events:us-east-1:159837621590:rule/every-minute-rule","statement_id":"AllowExecutionFromEventBridge","statement_id_prefix":""},"sensitive_attributes":[],"private":"bnVsbA==","dependencies":["aws_cloudwatch_event_rule.every_minute","aws_lambda_function.lambda_function","data.archive_file.lambda_dir","data.aws_caller_identity.current"]}]}],"check_results":null}
